<?xml version="1.0" encoding="utf-8"?>
<Project ToolsVersion="4.0" xmlns="http://schemas.microsoft.com/developer/msbuild/2003">
  <ItemGroup>
    <Filter Include="Source Files">
      <UniqueIdentifier>{4FC737F1-C7A5-4376-A066-2A32D752A2FF}</UniqueIdentifier>
      <Extensions>cpp;c;cc;cxx;def;odl;idl;hpj;bat;asm;asmx</Extensions>
    </Filter>
    <Filter Include="Header Files">
      <UniqueIdentifier>{93995380-89BD-4b04-88EB-625FBE52EBFB}</UniqueIdentifier>
      <Extensions>h;hh;hpp;hxx;hm;inl;inc;xsd</Extensions>
    </Filter>
    <Filter Include="Header Files\tasks">
      <UniqueIdentifier>{be7e6cf1-5d7f-4269-a760-7b81a72d3969}</UniqueIdentifier>
    </Filter>
    <Filter Include="Header Files\util">
      <UniqueIdentifier>{80404b16-d8fe-47e3-9a71-4b1d9dc28466}</UniqueIdentifier>
    </Filter>
    <Filter Include="Header Files\config">
      <UniqueIdentifier>{34882674-1958-4e4a-97d5-7b87b54497b9}</UniqueIdentifier>
    </Filter>
    <Filter Include="Header Files\algorithm">
      <UniqueIdentifier>{676d5aff-0697-4cd6-8fe5-26f7b7ca6de0}</UniqueIdentifier>
    </Filter>
    <Filter Include="Header Files\tasks\post">
      <UniqueIdentifier>{b33f2b6d-f7eb-4814-b228-ddac1d044338}</UniqueIdentifier>
    </Filter>
    <Filter Include="Header Files\tasks\pre">
      <UniqueIdentifier>{7fff1611-f713-4e43-be73-d77bab8c6105}</UniqueIdentifier>
    </Filter>
    <Filter Include="Header Files\tasks\inter">
      <UniqueIdentifier>{76b752da-1156-4448-95c8-f08d654938a2}</UniqueIdentifier>
    </Filter>
    <Filter Include="Header Files\tasks\data">
      <UniqueIdentifier>{9c71e655-c3bc-4076-9846-e1ca8d260268}</UniqueIdentifier>
    </Filter>
  </ItemGroup>
  <ItemGroup>
    <ClCompile Include="main.cpp">
      <Filter>Source Files</Filter>
    </ClCompile>
  </ItemGroup>
  <ItemGroup>
    <ClInclude Include="util.h">
      <Filter>Header Files\util</Filter>
    </ClInclude>
    <ClInclude Include="utilvideo.h">
      <Filter>Header Files\util</Filter>
    </ClInclude>
    <ClInclude Include="Config.h">
      <Filter>Header Files\config</Filter>
    </ClInclude>
    <ClInclude Include="Either.h">
      <Filter>Header Files\util</Filter>
    </ClInclude>
    <ClInclude Include="framealgorithm.h">
      <Filter>Header Files\algorithm</Filter>
    </ClInclude>
    <ClInclude Include="Tasks.h">
      <Filter>Header Files\tasks</Filter>
    </ClInclude>
    <ClInclude Include="FPSPreTask.h">
      <Filter>Header Files\tasks\pre</Filter>
    </ClInclude>
    <ClInclude Include="ViewerTask.h">
      <Filter>Header Files\tasks\post</Filter>
    </ClInclude>
    <ClInclude Include="WriterTask.h">
      <Filter>Header Files\tasks\post</Filter>
    </ClInclude>
    <ClInclude Include="resource.h">
      <Filter>Header Files</Filter>
    </ClInclude>
    <ClInclude Include="TearPreTask.h">
      <Filter>Header Files\tasks\pre</Filter>
    </ClInclude>
    <ClInclude Include="TaskScheduler.h">
      <Filter>Header Files\tasks</Filter>
    </ClInclude>
    <ClInclude Include="PlotTask.h">
      <Filter>Header Files\tasks\post</Filter>
    </ClInclude>
    <ClInclude Include="CMDProgressTask.h">
      <Filter>Header Files\tasks\post</Filter>
    </ClInclude>
    <ClInclude Include="LoggerTask.h">
      <Filter>Header Files\tasks\inter</Filter>
    </ClInclude>
    <ClInclude Include="CSVFormatter.h">
      <Filter>Header Files\util</Filter>
    </ClInclude>
    <ClInclude Include="fpsdata.h">
      <Filter>Header Files\tasks\data</Filter>
    </ClInclude>
    <ClInclude Include="teardata.h">
      <Filter>Header Files\tasks\data</Filter>
    </ClInclude>
    <ClInclude Include="FPSTextTask.h">
      <Filter>Header Files\tasks\post</Filter>
    </ClInclude>
  </ItemGroup>
</Project>