<?xml version="1.0" encoding="utf-8"?>
<Project ToolsVersion="4.0" xmlns="http://schemas.microsoft.com/developer/msbuild/2003">
  <ItemGroup>
    <Filter Include="Source Files">
      <UniqueIdentifier>{4FC737F1-C7A5-4376-A066-2A32D752A2FF}</UniqueIdentifier>
      <Extensions>cpp;c;cc;cxx;def;odl;idl;hpj;bat;asm;asmx</Extensions>
    </Filter>
    <Filter Include="Header Files">
      <UniqueIdentifier>{93995380-89BD-4b04-88EB-625FBE52EBFB}</UniqueIdentifier>
      <Extensions>h;hh;hpp;hxx;hm;inl;inc;xsd</Extensions>
    </Filter>
    <Filter Include="Header Files\tasks">
      <UniqueIdentifier>{be7e6cf1-5d7f-4269-a760-7b81a72d3969}</UniqueIdentifier>
    </Filter>
    <Filter Include="Header Files\util">
      <UniqueIdentifier>{80404b16-d8fe-47e3-9a71-4b1d9dc28466}</UniqueIdentifier>
    </Filter>
    <Filter Include="Header Files\config">
      <UniqueIdentifier>{34882674-1958-4e4a-97d5-7b87b54497b9}</UniqueIdentifier>
    </Filter>
    <Filter Include="Header Files\algorithm">
      <UniqueIdentifier>{676d5aff-0697-4cd6-8fe5-26f7b7ca6de0}</UniqueIdentifier>
    </Filter>
    <Filter Include="Header Files\tasks\post">
      <UniqueIdentifier>{b33f2b6d-f7eb-4814-b228-ddac1d044338}</UniqueIdentifier>
    </Filter>
    <Filter Include="Header Files\tasks\pre">
      <UniqueIdentifier>{7fff1611-f713-4e43-be73-d77bab8c6105}</UniqueIdentifier>
    </Filter>
    <Filter Include="Source Files\yaml-cpp-source">
      <UniqueIdentifier>{a2159b04-3efc-45f0-9663-3a80d09f0545}</UniqueIdentifier>
    </Filter>
    <Filter Include="Source Files\yaml-cpp-source\contrib">
      <UniqueIdentifier>{467790cc-883f-4940-b4f4-a61fd85c8510}</UniqueIdentifier>
    </Filter>
    <Filter Include="Header Files\tasks\inter">
      <UniqueIdentifier>{76b752da-1156-4448-95c8-f08d654938a2}</UniqueIdentifier>
    </Filter>
  </ItemGroup>
  <ItemGroup>
    <ClCompile Include="main.cpp">
      <Filter>Source Files</Filter>
    </ClCompile>
    <ClCompile Include="yaml-cpp\yaml-cpp-source\binary.cpp">
      <Filter>Source Files\yaml-cpp-source</Filter>
    </ClCompile>
    <ClCompile Include="yaml-cpp\yaml-cpp-source\convert.cpp">
      <Filter>Source Files\yaml-cpp-source</Filter>
    </ClCompile>
    <ClCompile Include="yaml-cpp\yaml-cpp-source\directives.cpp">
      <Filter>Source Files\yaml-cpp-source</Filter>
    </ClCompile>
    <ClCompile Include="yaml-cpp\yaml-cpp-source\emit.cpp">
      <Filter>Source Files\yaml-cpp-source</Filter>
    </ClCompile>
    <ClCompile Include="yaml-cpp\yaml-cpp-source\emitfromevents.cpp">
      <Filter>Source Files\yaml-cpp-source</Filter>
    </ClCompile>
    <ClCompile Include="yaml-cpp\yaml-cpp-source\emitter.cpp">
      <Filter>Source Files\yaml-cpp-source</Filter>
    </ClCompile>
    <ClCompile Include="yaml-cpp\yaml-cpp-source\emitterstate.cpp">
      <Filter>Source Files\yaml-cpp-source</Filter>
    </ClCompile>
    <ClCompile Include="yaml-cpp\yaml-cpp-source\emitterutils.cpp">
      <Filter>Source Files\yaml-cpp-source</Filter>
    </ClCompile>
    <ClCompile Include="yaml-cpp\yaml-cpp-source\exceptions.cpp">
      <Filter>Source Files\yaml-cpp-source</Filter>
    </ClCompile>
    <ClCompile Include="yaml-cpp\yaml-cpp-source\exp.cpp">
      <Filter>Source Files\yaml-cpp-source</Filter>
    </ClCompile>
    <ClCompile Include="yaml-cpp\yaml-cpp-source\memory.cpp">
      <Filter>Source Files\yaml-cpp-source</Filter>
    </ClCompile>
    <ClCompile Include="yaml-cpp\yaml-cpp-source\node.cpp">
      <Filter>Source Files\yaml-cpp-source</Filter>
    </ClCompile>
    <ClCompile Include="yaml-cpp\yaml-cpp-source\node_data.cpp">
      <Filter>Source Files\yaml-cpp-source</Filter>
    </ClCompile>
    <ClCompile Include="yaml-cpp\yaml-cpp-source\nodebuilder.cpp">
      <Filter>Source Files\yaml-cpp-source</Filter>
    </ClCompile>
    <ClCompile Include="yaml-cpp\yaml-cpp-source\nodeevents.cpp">
      <Filter>Source Files\yaml-cpp-source</Filter>
    </ClCompile>
    <ClCompile Include="yaml-cpp\yaml-cpp-source\null.cpp">
      <Filter>Source Files\yaml-cpp-source</Filter>
    </ClCompile>
    <ClCompile Include="yaml-cpp\yaml-cpp-source\ostream_wrapper.cpp">
      <Filter>Source Files\yaml-cpp-source</Filter>
    </ClCompile>
    <ClCompile Include="yaml-cpp\yaml-cpp-source\parse.cpp">
      <Filter>Source Files\yaml-cpp-source</Filter>
    </ClCompile>
    <ClCompile Include="yaml-cpp\yaml-cpp-source\parser.cpp">
      <Filter>Source Files\yaml-cpp-source</Filter>
    </ClCompile>
    <ClCompile Include="yaml-cpp\yaml-cpp-source\regex_yaml.cpp">
      <Filter>Source Files\yaml-cpp-source</Filter>
    </ClCompile>
    <ClCompile Include="yaml-cpp\yaml-cpp-source\scanner.cpp">
      <Filter>Source Files\yaml-cpp-source</Filter>
    </ClCompile>
    <ClCompile Include="yaml-cpp\yaml-cpp-source\scanscalar.cpp">
      <Filter>Source Files\yaml-cpp-source</Filter>
    </ClCompile>
    <ClCompile Include="yaml-cpp\yaml-cpp-source\scantag.cpp">
      <Filter>Source Files\yaml-cpp-source</Filter>
    </ClCompile>
    <ClCompile Include="yaml-cpp\yaml-cpp-source\scantoken.cpp">
      <Filter>Source Files\yaml-cpp-source</Filter>
    </ClCompile>
    <ClCompile Include="yaml-cpp\yaml-cpp-source\simplekey.cpp">
      <Filter>Source Files\yaml-cpp-source</Filter>
    </ClCompile>
    <ClCompile Include="yaml-cpp\yaml-cpp-source\singledocparser.cpp">
      <Filter>Source Files\yaml-cpp-source</Filter>
    </ClCompile>
    <ClCompile Include="yaml-cpp\yaml-cpp-source\stream.cpp">
      <Filter>Source Files\yaml-cpp-source</Filter>
    </ClCompile>
    <ClCompile Include="yaml-cpp\yaml-cpp-source\tag.cpp">
      <Filter>Source Files\yaml-cpp-source</Filter>
    </ClCompile>
    <ClCompile Include="yaml-cpp\yaml-cpp-source\contrib\graphbuilder.cpp">
      <Filter>Source Files\yaml-cpp-source\contrib</Filter>
    </ClCompile>
    <ClCompile Include="yaml-cpp\yaml-cpp-source\contrib\graphbuilderadapter.cpp">
      <Filter>Source Files\yaml-cpp-source\contrib</Filter>
    </ClCompile>
  </ItemGroup>
  <ItemGroup>
    <ClInclude Include="util.h">
      <Filter>Header Files\util</Filter>
    </ClInclude>
    <ClInclude Include="utilvideo.h">
      <Filter>Header Files\util</Filter>
    </ClInclude>
    <ClInclude Include="TaskContainer.h">
      <Filter>Header Files\tasks</Filter>
    </ClInclude>
    <ClInclude Include="Config.h">
      <Filter>Header Files\config</Filter>
    </ClInclude>
    <ClInclude Include="Either.h">
      <Filter>Header Files\util</Filter>
    </ClInclude>
    <ClInclude Include="framealgorithm.h">
      <Filter>Header Files\algorithm</Filter>
    </ClInclude>
    <ClInclude Include="Tasks.h">
      <Filter>Header Files\tasks</Filter>
    </ClInclude>
    <ClInclude Include="FPSPreTask.h">
      <Filter>Header Files\tasks\pre</Filter>
    </ClInclude>
    <ClInclude Include="ViewerTask.h">
      <Filter>Header Files\tasks\post</Filter>
    </ClInclude>
    <ClInclude Include="WriterTask.h">
      <Filter>Header Files\tasks\post</Filter>
    </ClInclude>
    <ClInclude Include="LoggerTask.h">
      <Filter>Header Files\tasks\post</Filter>
    </ClInclude>
    <ClInclude Include="CSVFile.h">
      <Filter>Header Files\util</Filter>
    </ClInclude>
    <ClInclude Include="resource.h">
      <Filter>Header Files</Filter>
    </ClInclude>
    <ClInclude Include="yaml-cpp\yaml-cpp-source\collectionstack.h">
      <Filter>Source Files\yaml-cpp-source</Filter>
    </ClInclude>
    <ClInclude Include="yaml-cpp\yaml-cpp-source\directives.h">
      <Filter>Source Files\yaml-cpp-source</Filter>
    </ClInclude>
    <ClInclude Include="yaml-cpp\yaml-cpp-source\emitterstate.h">
      <Filter>Source Files\yaml-cpp-source</Filter>
    </ClInclude>
    <ClInclude Include="yaml-cpp\yaml-cpp-source\emitterutils.h">
      <Filter>Source Files\yaml-cpp-source</Filter>
    </ClInclude>
    <ClInclude Include="yaml-cpp\yaml-cpp-source\exp.h">
      <Filter>Source Files\yaml-cpp-source</Filter>
    </ClInclude>
    <ClInclude Include="yaml-cpp\yaml-cpp-source\indentation.h">
      <Filter>Source Files\yaml-cpp-source</Filter>
    </ClInclude>
    <ClInclude Include="yaml-cpp\yaml-cpp-source\nodebuilder.h">
      <Filter>Source Files\yaml-cpp-source</Filter>
    </ClInclude>
    <ClInclude Include="yaml-cpp\yaml-cpp-source\nodeevents.h">
      <Filter>Source Files\yaml-cpp-source</Filter>
    </ClInclude>
    <ClInclude Include="yaml-cpp\yaml-cpp-source\ptr_vector.h">
      <Filter>Source Files\yaml-cpp-source</Filter>
    </ClInclude>
    <ClInclude Include="yaml-cpp\yaml-cpp-source\regex_yaml.h">
      <Filter>Source Files\yaml-cpp-source</Filter>
    </ClInclude>
    <ClInclude Include="yaml-cpp\yaml-cpp-source\regeximpl.h">
      <Filter>Source Files\yaml-cpp-source</Filter>
    </ClInclude>
    <ClInclude Include="yaml-cpp\yaml-cpp-source\scanner.h">
      <Filter>Source Files\yaml-cpp-source</Filter>
    </ClInclude>
    <ClInclude Include="yaml-cpp\yaml-cpp-source\scanscalar.h">
      <Filter>Source Files\yaml-cpp-source</Filter>
    </ClInclude>
    <ClInclude Include="yaml-cpp\yaml-cpp-source\scantag.h">
      <Filter>Source Files\yaml-cpp-source</Filter>
    </ClInclude>
    <ClInclude Include="yaml-cpp\yaml-cpp-source\setting.h">
      <Filter>Source Files\yaml-cpp-source</Filter>
    </ClInclude>
    <ClInclude Include="yaml-cpp\yaml-cpp-source\singledocparser.h">
      <Filter>Source Files\yaml-cpp-source</Filter>
    </ClInclude>
    <ClInclude Include="yaml-cpp\yaml-cpp-source\stream.h">
      <Filter>Source Files\yaml-cpp-source</Filter>
    </ClInclude>
    <ClInclude Include="yaml-cpp\yaml-cpp-source\streamcharsource.h">
      <Filter>Source Files\yaml-cpp-source</Filter>
    </ClInclude>
    <ClInclude Include="yaml-cpp\yaml-cpp-source\stringsource.h">
      <Filter>Source Files\yaml-cpp-source</Filter>
    </ClInclude>
    <ClInclude Include="yaml-cpp\yaml-cpp-source\tag.h">
      <Filter>Source Files\yaml-cpp-source</Filter>
    </ClInclude>
    <ClInclude Include="yaml-cpp\yaml-cpp-source\token.h">
      <Filter>Source Files\yaml-cpp-source</Filter>
    </ClInclude>
    <ClInclude Include="yaml-cpp\yaml-cpp-source\contrib\graphbuilderadapter.h">
      <Filter>Source Files\yaml-cpp-source\contrib</Filter>
    </ClInclude>
    <ClInclude Include="FPSInterTask.h">
      <Filter>Header Files\tasks\inter</Filter>
    </ClInclude>
  </ItemGroup>
</Project>